// !$*UTF8*$!
{
	archiveVersion = 1;
	classes = {
	};
	objectVersion = 46;
	objects = {

/* Begin PBXBuildFile section */
		032146A42C3A08D05171DD317F425C08 /* XCShareProtocol.h in Headers */ = {isa = PBXBuildFile; fileRef = A7B9D420E60A1CE2558200CE24C4A9B8 /* XCShareProtocol.h */; settings = {ATTRIBUTES = (Public, ); }; };
		05501242D56ADC6A393EB4B48B3DA1B2 /* XCSharePlatformConfigure.m in Sources */ = {isa = PBXBuildFile; fileRef = 8E9EC273F5DD314F04AAEC293F0CCEF6 /* XCSharePlatformConfigure.m */; };
		0CE25038E604CDD301D80AC5274EFAAE /* icon_share_qq_zone@2x.png in Resources */ = {isa = PBXBuildFile; fileRef = 569F904CEDDC279923E1770C34937CF4 /* icon_share_qq_zone@2x.png */; };
		111B507C3EEA61E5702111A9780EF64B /* XCShareUI.m in Sources */ = {isa = PBXBuildFile; fileRef = E8C35B52197234C66CDF18229DCA803B /* XCShareUI.m */; };
		152B258C0E11710E20D07D0C4C6B3D1E /* XCShareManager.h in Headers */ = {isa = PBXBuildFile; fileRef = 1F4E2316662B8CD6CA4229A0D5F4255B /* XCShareManager.h */; settings = {ATTRIBUTES = (Public, ); }; };
		19E0502BBB2C3999499CC06EAF643BE4 /* UMengShareFactory.m in Sources */ = {isa = PBXBuildFile; fileRef = 5CAC0FF44DE20379D3CDEF49482BA742 /* UMengShareFactory.m */; };
		1A5B9CCEA7C19588EA5707CF01D3F9F5 /* icon_share_weibo@3x.png in Resources */ = {isa = PBXBuildFile; fileRef = 66955D2950CB6974FDFF3A6CAFD6FC64 /* icon_share_weibo@3x.png */; };
		2B675CCA3BDB70105FDCBC2A6D14FAC7 /* XCShareItemModel.m in Sources */ = {isa = PBXBuildFile; fileRef = 2D6655303377348A62D70469BF0143CA /* XCShareItemModel.m */; };
		32BCE5091B496629D33F570E7084A73B /* UMengShare.m in Sources */ = {isa = PBXBuildFile; fileRef = FF8D804461AF41B6CA4F40D9C40D711B /* UMengShare.m */; };
		3B02D1D9B140C6673D4E2A101AA0B11F /* Foundation.framework in Frameworks */ = {isa = PBXBuildFile; fileRef = 6604A7D69453B4569E4E4827FB9155A9 /* Foundation.framework */; };
		454212E9C71753C84AA64DD5EAC39C19 /* icon_share_weibo@2x.png in Resources */ = {isa = PBXBuildFile; fileRef = F05C58F867B4C0172F47D34B5C208D51 /* icon_share_weibo@2x.png */; };
		4753026971059AAAA4082851C672D513 /* Foundation.framework in Frameworks */ = {isa = PBXBuildFile; fileRef = 6604A7D69453B4569E4E4827FB9155A9 /* Foundation.framework */; };
		559E795089A7953A06CEE109C31AD320 /* icon_share_qq@2x.png in Resources */ = {isa = PBXBuildFile; fileRef = 7F03842B39FE85A76D183C9CBB40F3AC /* icon_share_qq@2x.png */; };
		66DF515BAFF4D04819C80D7C7ED17F35 /* XCShareManager-dummy.m in Sources */ = {isa = PBXBuildFile; fileRef = E6A0377C3EA6124B7231E8B82E82CB8E /* XCShareManager-dummy.m */; };
		7233934C0FCD602FF439676A5B1E20F2 /* Pods-XCShareManager_Tests-dummy.m in Sources */ = {isa = PBXBuildFile; fileRef = 859A7DB692B5BE8137999F37EB708CDC /* Pods-XCShareManager_Tests-dummy.m */; };
		7815E42C5AD7055A32DBEC3C0C38BB99 /* XCShareItem.m in Sources */ = {isa = PBXBuildFile; fileRef = B10AB3FD2ACC86D2AD0049A6E76C0354 /* XCShareItem.m */; };
		7AC680D2D39A3D3D5A4E31616F3AF65F /* XCShareView.m in Sources */ = {isa = PBXBuildFile; fileRef = 4FCF5885BA8A9980471650DC43023E97 /* XCShareView.m */; };
		7F763C2AEFDBE2A182A9E6F5079167FA /* icon_share_weixin@2x.png in Resources */ = {isa = PBXBuildFile; fileRef = 13727C4A765E7838384B2895B0BC2D64 /* icon_share_weixin@2x.png */; };
		9120CD9FB2E630F8C6072893A4FD2855 /* icon_share_weixin_zone@3x.png in Resources */ = {isa = PBXBuildFile; fileRef = 1353B323D1200551FDDB39A6AAE3A090 /* icon_share_weixin_zone@3x.png */; };
		9CEB78B5E4E9E34EE25B6A522E40C257 /* XCShareFactoryProtocol.h in Headers */ = {isa = PBXBuildFile; fileRef = 168320E5DA59E32E0485C72401559F20 /* XCShareFactoryProtocol.h */; settings = {ATTRIBUTES = (Public, ); }; };
		9F575C7EECA45BB6E813F54BDE411B19 /* XCShareItem.h in Headers */ = {isa = PBXBuildFile; fileRef = 365D348F38AC3229BD8248921BE1C469 /* XCShareItem.h */; settings = {ATTRIBUTES = (Public, ); }; };
		A60F0B548CF05AEA2BD69E02C915268C /* icon_share_weixin_zone@2x.png in Resources */ = {isa = PBXBuildFile; fileRef = F7361BD87D04D107456FED77C28BA1A5 /* icon_share_weixin_zone@2x.png */; };
		A7E4694EDA69F2E45B2282FC7D05FC3C /* XCShareItemModel.h in Headers */ = {isa = PBXBuildFile; fileRef = AB6FCB532F36C8390C4569F302601C3C /* XCShareItemModel.h */; settings = {ATTRIBUTES = (Public, ); }; };
		A8985985BEDAE450C1816E66B066EDE5 /* icon_share_qq_zone@3x.png in Resources */ = {isa = PBXBuildFile; fileRef = 611B2BD49639A5DB3B37E686C8A44AD7 /* icon_share_qq_zone@3x.png */; };
		B2ED4906A8A9679D62AFACAFE2D4CA22 /* XCShareUI.h in Headers */ = {isa = PBXBuildFile; fileRef = FB8B3F0A4E89E5711030F4CD00371F0F /* XCShareUI.h */; settings = {ATTRIBUTES = (Public, ); }; };
		B6811C97EA515CA379F6F20715044E54 /* icon_share_qq@3x.png in Resources */ = {isa = PBXBuildFile; fileRef = 1AFCCBEDD734A8A82DD30A742B023411 /* icon_share_qq@3x.png */; };
		C8BC05FE12E4A4BBD9B3B01C6C4932F7 /* XCSharePlatformConfigure.h in Headers */ = {isa = PBXBuildFile; fileRef = 6A9F018153381126607D46A2FCCCA7C6 /* XCSharePlatformConfigure.h */; settings = {ATTRIBUTES = (Public, ); }; };
		C9F172CAF1E4D13FB68F79ED8BC1FED8 /* XCShareView.h in Headers */ = {isa = PBXBuildFile; fileRef = 82D9DE69BCEAA25E1B1243158B0F5F17 /* XCShareView.h */; settings = {ATTRIBUTES = (Public, ); }; };
		CFB6F667EA64E4894E2ABA5B03353B89 /* icon_share_weixin@3x.png in Resources */ = {isa = PBXBuildFile; fileRef = 39B1996732ABB5031D8B55F0D7E15C5B /* icon_share_weixin@3x.png */; };
		D0C9C02E10B71BA24B945AE3B28D28A6 /* Foundation.framework in Frameworks */ = {isa = PBXBuildFile; fileRef = 6604A7D69453B4569E4E4827FB9155A9 /* Foundation.framework */; };
		D27D9BE2C2BDF1EB16310C6AFB9B846D /* XCShareManager.m in Sources */ = {isa = PBXBuildFile; fileRef = 9341A3E0DD84FB2D1B81DCBB53B99FEA /* XCShareManager.m */; };
		DBE68A8B07B9A4DA2670D9EE0078D7B5 /* UMengShare.h in Headers */ = {isa = PBXBuildFile; fileRef = 6EC889C198EF3A9671A2266C47267B0F /* UMengShare.h */; settings = {ATTRIBUTES = (Public, ); }; };
		E484AFA44B1D5BC6FA6C09134C613D89 /* UMengShareFactory.h in Headers */ = {isa = PBXBuildFile; fileRef = F7BEC729F3B2BDA0F03DE790264B401A /* UMengShareFactory.h */; settings = {ATTRIBUTES = (Public, ); }; };
		EFB7004A085E0C9119C6739D111081C4 /* Pods-XCShareManager_Example-dummy.m in Sources */ = {isa = PBXBuildFile; fileRef = 3F8EA557895DE5602F15F365E4BEEED7 /* Pods-XCShareManager_Example-dummy.m */; };
		F5462E380F8C7CB72A16D8C5BD53BACA /* XCShareUtil.h in Headers */ = {isa = PBXBuildFile; fileRef = B01AA0D360B4B14194A25ECE6E3D9451 /* XCShareUtil.h */; settings = {ATTRIBUTES = (Public, ); }; };
/* End PBXBuildFile section */

/* Begin PBXContainerItemProxy section */
		75C671D26976820735C4034DE4F9B843 /* PBXContainerItemProxy */ = {
			isa = PBXContainerItemProxy;
			containerPortal = D41D8CD98F00B204E9800998ECF8427E /* Project object */;
			proxyType = 1;
			remoteGlobalIDString = 129E71AB3FF88E8A01A9192C9EE5133F;
			remoteInfo = XCShareManager;
		};
		8DC7A95BAA2F0AE4091F2D0D86843F1B /* PBXContainerItemProxy */ = {
			isa = PBXContainerItemProxy;
			containerPortal = D41D8CD98F00B204E9800998ECF8427E /* Project object */;
			proxyType = 1;
			remoteGlobalIDString = 60BEDAABDECFF731423E0844BE43C78A;
			remoteInfo = "XCShareManager-XCShareManager";
		};
/* End PBXContainerItemProxy section */

/* Begin PBXFileReference section */
		01395E4172263170AE3422ECEE3CECB5 /* Pods-XCShareManager_Tests-resources.sh */ = {isa = PBXFileReference; includeInIndex = 1; lastKnownFileType = text.script.sh; path = "Pods-XCShareManager_Tests-resources.sh"; sourceTree = "<group>"; };
		022CE97F720ACE2FD94C4B4FEAF6BB43 /* libUMSocialLog.a */ = {isa = PBXFileReference; includeInIndex = 1; lastKnownFileType = archive.ar; name = libUMSocialLog.a; path = UShareSDK/UMSocialSDKPlugin/libUMSocialLog.a; sourceTree = "<group>"; };
		0F81CEC3CA5AD639B3E974BA17E6EBB1 /* Pods-XCShareManager_Example.release.xcconfig */ = {isa = PBXFileReference; includeInIndex = 1; lastKnownFileType = text.xcconfig; path = "Pods-XCShareManager_Example.release.xcconfig"; sourceTree = "<group>"; };
		1353B323D1200551FDDB39A6AAE3A090 /* icon_share_weixin_zone@3x.png */ = {isa = PBXFileReference; includeInIndex = 1; lastKnownFileType = image.png; name = "icon_share_weixin_zone@3x.png"; path = "XCShareManager/Assets/icon_share_weixin_zone@3x.png"; sourceTree = "<group>"; };
		13727C4A765E7838384B2895B0BC2D64 /* icon_share_weixin@2x.png */ = {isa = PBXFileReference; includeInIndex = 1; lastKnownFileType = image.png; name = "icon_share_weixin@2x.png"; path = "XCShareManager/Assets/icon_share_weixin@2x.png"; sourceTree = "<group>"; };
		168320E5DA59E32E0485C72401559F20 /* XCShareFactoryProtocol.h */ = {isa = PBXFileReference; includeInIndex = 1; lastKnownFileType = sourcecode.c.h; name = XCShareFactoryProtocol.h; path = XCShareManager/Classes/XCShareFactoryProtocol.h; sourceTree = "<group>"; };
		1AFCCBEDD734A8A82DD30A742B023411 /* icon_share_qq@3x.png */ = {isa = PBXFileReference; includeInIndex = 1; lastKnownFileType = image.png; name = "icon_share_qq@3x.png"; path = "XCShareManager/Assets/icon_share_qq@3x.png"; sourceTree = "<group>"; };
		1F4E2316662B8CD6CA4229A0D5F4255B /* XCShareManager.h */ = {isa = PBXFileReference; includeInIndex = 1; lastKnownFileType = sourcecode.c.h; name = XCShareManager.h; path = XCShareManager/Classes/XCShareManager.h; sourceTree = "<group>"; };
		2086C48C98FDEEEB0187ACD7D7628E01 /* Pods-XCShareManager_Example-acknowledgements.plist */ = {isa = PBXFileReference; includeInIndex = 1; lastKnownFileType = text.plist.xml; path = "Pods-XCShareManager_Example-acknowledgements.plist"; sourceTree = "<group>"; };
		2D222D1C3D7A1CD8A70D3096590E3F31 /* Pods-XCShareManager_Tests-acknowledgements.plist */ = {isa = PBXFileReference; includeInIndex = 1; lastKnownFileType = text.plist.xml; path = "Pods-XCShareManager_Tests-acknowledgements.plist"; sourceTree = "<group>"; };
		2D6655303377348A62D70469BF0143CA /* XCShareItemModel.m */ = {isa = PBXFileReference; includeInIndex = 1; lastKnownFileType = sourcecode.c.objc; path = XCShareItemModel.m; sourceTree = "<group>"; };
		365D348F38AC3229BD8248921BE1C469 /* XCShareItem.h */ = {isa = PBXFileReference; includeInIndex = 1; lastKnownFileType = sourcecode.c.h; path = XCShareItem.h; sourceTree = "<group>"; };
		39B1996732ABB5031D8B55F0D7E15C5B /* icon_share_weixin@3x.png */ = {isa = PBXFileReference; includeInIndex = 1; lastKnownFileType = image.png; name = "icon_share_weixin@3x.png"; path = "XCShareManager/Assets/icon_share_weixin@3x.png"; sourceTree = "<group>"; };
		3B6922316F0E48A6194C96DB3DBDCFC2 /* Pods-XCShareManager_Example-resources.sh */ = {isa = PBXFileReference; includeInIndex = 1; lastKnownFileType = text.script.sh; path = "Pods-XCShareManager_Example-resources.sh"; sourceTree = "<group>"; };
		3F8EA557895DE5602F15F365E4BEEED7 /* Pods-XCShareManager_Example-dummy.m */ = {isa = PBXFileReference; includeInIndex = 1; lastKnownFileType = sourcecode.c.objc; path = "Pods-XCShareManager_Example-dummy.m"; sourceTree = "<group>"; };
		419B29418F102C9CC17C235125F4F359 /* libSocialQQ.a */ = {isa = PBXFileReference; includeInIndex = 1; lastKnownFileType = archive.ar; name = libSocialQQ.a; path = UShareSDK/SocialLibraries/QQ/libSocialQQ.a; sourceTree = "<group>"; };
		4757BCB1336009919D8A071B25886D25 /* libPods-XCShareManager_Tests.a */ = {isa = PBXFileReference; explicitFileType = archive.ar; includeInIndex = 0; name = "libPods-XCShareManager_Tests.a"; path = "libPods-XCShareManager_Tests.a"; sourceTree = BUILT_PRODUCTS_DIR; };
		4FCF5885BA8A9980471650DC43023E97 /* XCShareView.m */ = {isa = PBXFileReference; includeInIndex = 1; lastKnownFileType = sourcecode.c.objc; path = XCShareView.m; sourceTree = "<group>"; };
		569F904CEDDC279923E1770C34937CF4 /* icon_share_qq_zone@2x.png */ = {isa = PBXFileReference; includeInIndex = 1; lastKnownFileType = image.png; name = "icon_share_qq_zone@2x.png"; path = "XCShareManager/Assets/icon_share_qq_zone@2x.png"; sourceTree = "<group>"; };
		5CAC0FF44DE20379D3CDEF49482BA742 /* UMengShareFactory.m */ = {isa = PBXFileReference; includeInIndex = 1; lastKnownFileType = sourcecode.c.objc; name = UMengShareFactory.m; path = XCShareManager/Classes/UMengShare/UMengShareFactory.m; sourceTree = "<group>"; };
		611B2BD49639A5DB3B37E686C8A44AD7 /* icon_share_qq_zone@3x.png */ = {isa = PBXFileReference; includeInIndex = 1; lastKnownFileType = image.png; name = "icon_share_qq_zone@3x.png"; path = "XCShareManager/Assets/icon_share_qq_zone@3x.png"; sourceTree = "<group>"; };
		6604A7D69453B4569E4E4827FB9155A9 /* Foundation.framework */ = {isa = PBXFileReference; lastKnownFileType = wrapper.framework; name = Foundation.framework; path = Platforms/iPhoneOS.platform/Developer/SDKs/iPhoneOS10.3.sdk/System/Library/Frameworks/Foundation.framework; sourceTree = DEVELOPER_DIR; };
		66955D2950CB6974FDFF3A6CAFD6FC64 /* icon_share_weibo@3x.png */ = {isa = PBXFileReference; includeInIndex = 1; lastKnownFileType = image.png; name = "icon_share_weibo@3x.png"; path = "XCShareManager/Assets/icon_share_weibo@3x.png"; sourceTree = "<group>"; };
		6A9F018153381126607D46A2FCCCA7C6 /* XCSharePlatformConfigure.h */ = {isa = PBXFileReference; includeInIndex = 1; lastKnownFileType = sourcecode.c.h; name = XCSharePlatformConfigure.h; path = XCShareManager/Classes/XCSharePlatformConfigure.h; sourceTree = "<group>"; };
		6D3393D15F2A5C19FA7BEE5B485BA8B2 /* Pods-XCShareManager_Example.debug.xcconfig */ = {isa = PBXFileReference; includeInIndex = 1; lastKnownFileType = text.xcconfig; path = "Pods-XCShareManager_Example.debug.xcconfig"; sourceTree = "<group>"; };
		6EC889C198EF3A9671A2266C47267B0F /* UMengShare.h */ = {isa = PBXFileReference; includeInIndex = 1; lastKnownFileType = sourcecode.c.h; name = UMengShare.h; path = XCShareManager/Classes/UMengShare/UMengShare.h; sourceTree = "<group>"; };
		7A90ED6AA115AA9EA0755DBEB948B8A2 /* Pods-XCShareManager_Example-acknowledgements.markdown */ = {isa = PBXFileReference; includeInIndex = 1; lastKnownFileType = text; path = "Pods-XCShareManager_Example-acknowledgements.markdown"; sourceTree = "<group>"; };
		7D1AF9E90876624BF18AE0E679CCB9C1 /* Pods-XCShareManager_Tests.debug.xcconfig */ = {isa = PBXFileReference; includeInIndex = 1; lastKnownFileType = text.xcconfig; path = "Pods-XCShareManager_Tests.debug.xcconfig"; sourceTree = "<group>"; };
		7EEC527B6E2DA752F024588F5BBC1AA2 /* XCShareManager.xcconfig */ = {isa = PBXFileReference; includeInIndex = 1; lastKnownFileType = text.xcconfig; path = XCShareManager.xcconfig; sourceTree = "<group>"; };
		7F03842B39FE85A76D183C9CBB40F3AC /* icon_share_qq@2x.png */ = {isa = PBXFileReference; includeInIndex = 1; lastKnownFileType = image.png; name = "icon_share_qq@2x.png"; path = "XCShareManager/Assets/icon_share_qq@2x.png"; sourceTree = "<group>"; };
		7F7E5E594C1F6E122EC6322D88674B51 /* libSocialSina.a */ = {isa = PBXFileReference; includeInIndex = 1; lastKnownFileType = archive.ar; name = libSocialSina.a; path = UShareSDK/SocialLibraries/Sina/libSocialSina.a; sourceTree = "<group>"; };
		8180B755BDBB111C6EC68D7AB5CEA26B /* libXCShareManager.a */ = {isa = PBXFileReference; explicitFileType = archive.ar; includeInIndex = 0; name = libXCShareManager.a; path = libXCShareManager.a; sourceTree = BUILT_PRODUCTS_DIR; };
		82D9DE69BCEAA25E1B1243158B0F5F17 /* XCShareView.h */ = {isa = PBXFileReference; includeInIndex = 1; lastKnownFileType = sourcecode.c.h; path = XCShareView.h; sourceTree = "<group>"; };
		83F18A45B41AC15B9694843F5C31628E /* Pods-XCShareManager_Tests-acknowledgements.markdown */ = {isa = PBXFileReference; includeInIndex = 1; lastKnownFileType = text; path = "Pods-XCShareManager_Tests-acknowledgements.markdown"; sourceTree = "<group>"; };
		859A7DB692B5BE8137999F37EB708CDC /* Pods-XCShareManager_Tests-dummy.m */ = {isa = PBXFileReference; includeInIndex = 1; lastKnownFileType = sourcecode.c.objc; path = "Pods-XCShareManager_Tests-dummy.m"; sourceTree = "<group>"; };
		875FC2614529A72CAF08BB0A432D3442 /* UMSocialWechatHandler.h */ = {isa = PBXFileReference; includeInIndex = 1; lastKnownFileType = sourcecode.c.h; name = UMSocialWechatHandler.h; path = UShareSDK/SocialLibraries/WeChat/UMSocialWechatHandler.h; sourceTree = "<group>"; };
		8BC563799C5A9CEE3D54B70D180A96ED /* UMSocialNetwork.framework */ = {isa = PBXFileReference; lastKnownFileType = wrapper.framework; name = UMSocialNetwork.framework; path = UShareSDK/UMSocialSDK/UMSocialNetwork.framework; sourceTree = "<group>"; };
		8E9EC273F5DD314F04AAEC293F0CCEF6 /* XCSharePlatformConfigure.m */ = {isa = PBXFileReference; includeInIndex = 1; lastKnownFileType = sourcecode.c.objc; name = XCSharePlatformConfigure.m; path = XCShareManager/Classes/XCSharePlatformConfigure.m; sourceTree = "<group>"; };
		9341A3E0DD84FB2D1B81DCBB53B99FEA /* XCShareManager.m */ = {isa = PBXFileReference; includeInIndex = 1; lastKnownFileType = sourcecode.c.objc; name = XCShareManager.m; path = XCShareManager/Classes/XCShareManager.m; sourceTree = "<group>"; };
		93A4A3777CF96A4AAC1D13BA6DCCEA73 /* Podfile */ = {isa = PBXFileReference; explicitFileType = text.script.ruby; includeInIndex = 1; lastKnownFileType = text; name = Podfile; path = ../Podfile; sourceTree = SOURCE_ROOT; xcLanguageSpecificationIdentifier = xcode.lang.ruby; };
		982D9BA1231465781949D8C1D2833340 /* Pods-XCShareManager_Example-frameworks.sh */ = {isa = PBXFileReference; includeInIndex = 1; lastKnownFileType = text.script.sh; path = "Pods-XCShareManager_Example-frameworks.sh"; sourceTree = "<group>"; };
		9ED9ED1112586BE2B783CED49C3DA16E /* XCShareManager.bundle */ = {isa = PBXFileReference; explicitFileType = wrapper.cfbundle; includeInIndex = 0; name = XCShareManager.bundle; path = XCShareManager.bundle; sourceTree = BUILT_PRODUCTS_DIR; };
		A7B9D420E60A1CE2558200CE24C4A9B8 /* XCShareProtocol.h */ = {isa = PBXFileReference; includeInIndex = 1; lastKnownFileType = sourcecode.c.h; name = XCShareProtocol.h; path = XCShareManager/Classes/XCShareProtocol.h; sourceTree = "<group>"; };
		AB6FCB532F36C8390C4569F302601C3C /* XCShareItemModel.h */ = {isa = PBXFileReference; includeInIndex = 1; lastKnownFileType = sourcecode.c.h; path = XCShareItemModel.h; sourceTree = "<group>"; };
		B01AA0D360B4B14194A25ECE6E3D9451 /* XCShareUtil.h */ = {isa = PBXFileReference; includeInIndex = 1; lastKnownFileType = sourcecode.c.h; path = XCShareUtil.h; sourceTree = "<group>"; };
		B10AB3FD2ACC86D2AD0049A6E76C0354 /* XCShareItem.m */ = {isa = PBXFileReference; includeInIndex = 1; lastKnownFileType = sourcecode.c.objc; path = XCShareItem.m; sourceTree = "<group>"; };
		B3394E348B2E91DCD7024A1132F0D529 /* libSocialWeChat.a */ = {isa = PBXFileReference; includeInIndex = 1; lastKnownFileType = archive.ar; name = libSocialWeChat.a; path = UShareSDK/SocialLibraries/WeChat/libSocialWeChat.a; sourceTree = "<group>"; };
		C60D6EA6BBDD7B89E813883F54E799F2 /* Pods-XCShareManager_Tests.release.xcconfig */ = {isa = PBXFileReference; includeInIndex = 1; lastKnownFileType = text.xcconfig; path = "Pods-XCShareManager_Tests.release.xcconfig"; sourceTree = "<group>"; };
		C857820C862C44D27B046EFC902B30A2 /* libPods-XCShareManager_Example.a */ = {isa = PBXFileReference; explicitFileType = archive.ar; includeInIndex = 0; name = "libPods-XCShareManager_Example.a"; path = "libPods-XCShareManager_Example.a"; sourceTree = BUILT_PRODUCTS_DIR; };
		CE630817E9DAAEF18E36EC94DCA2386E /* ResourceBundle-XCShareManager-Info.plist */ = {isa = PBXFileReference; includeInIndex = 1; lastKnownFileType = text.plist.xml; path = "ResourceBundle-XCShareManager-Info.plist"; sourceTree = "<group>"; };
		D1D203CCDF0084C394FD9F6908F61AD4 /* UMSocialSinaHandler.h */ = {isa = PBXFileReference; includeInIndex = 1; lastKnownFileType = sourcecode.c.h; name = UMSocialSinaHandler.h; path = UShareSDK/SocialLibraries/Sina/UMSocialSinaHandler.h; sourceTree = "<group>"; };
		D4C4B70060EEBF3C5A043BF8D03BFCF7 /* UMSocialCore.framework */ = {isa = PBXFileReference; lastKnownFileType = wrapper.framework; name = UMSocialCore.framework; path = UShareSDK/UMSocialSDK/UMSocialCore.framework; sourceTree = "<group>"; };
		D6BDECCE9AADB5BEF32EE429215704EA /* UMSocialQQHandler.h */ = {isa = PBXFileReference; includeInIndex = 1; lastKnownFileType = sourcecode.c.h; name = UMSocialQQHandler.h; path = UShareSDK/SocialLibraries/QQ/UMSocialQQHandler.h; sourceTree = "<group>"; };
		DFCF749025D594D6C43879A617EE1E68 /* XCShareManager-prefix.pch */ = {isa = PBXFileReference; includeInIndex = 1; lastKnownFileType = sourcecode.c.h; path = "XCShareManager-prefix.pch"; sourceTree = "<group>"; };
		E6A0377C3EA6124B7231E8B82E82CB8E /* XCShareManager-dummy.m */ = {isa = PBXFileReference; includeInIndex = 1; lastKnownFileType = sourcecode.c.objc; path = "XCShareManager-dummy.m"; sourceTree = "<group>"; };
		E8C35B52197234C66CDF18229DCA803B /* XCShareUI.m */ = {isa = PBXFileReference; includeInIndex = 1; lastKnownFileType = sourcecode.c.objc; path = XCShareUI.m; sourceTree = "<group>"; };
		EA91D3AB60DA8D18176EDC405704043A /* Pods-XCShareManager_Tests-frameworks.sh */ = {isa = PBXFileReference; includeInIndex = 1; lastKnownFileType = text.script.sh; path = "Pods-XCShareManager_Tests-frameworks.sh"; sourceTree = "<group>"; };
		F05C58F867B4C0172F47D34B5C208D51 /* icon_share_weibo@2x.png */ = {isa = PBXFileReference; includeInIndex = 1; lastKnownFileType = image.png; name = "icon_share_weibo@2x.png"; path = "XCShareManager/Assets/icon_share_weibo@2x.png"; sourceTree = "<group>"; };
		F70AA45F3C79DA2037E2922324706034 /* UMSocialSDKPromptResources.bundle */ = {isa = PBXFileReference; includeInIndex = 1; lastKnownFileType = "wrapper.plug-in"; name = UMSocialSDKPromptResources.bundle; path = UShareSDK/UMSocialSDK/UMSocialSDKPromptResources.bundle; sourceTree = "<group>"; };
		F7361BD87D04D107456FED77C28BA1A5 /* icon_share_weixin_zone@2x.png */ = {isa = PBXFileReference; includeInIndex = 1; lastKnownFileType = image.png; name = "icon_share_weixin_zone@2x.png"; path = "XCShareManager/Assets/icon_share_weixin_zone@2x.png"; sourceTree = "<group>"; };
		F7BEC729F3B2BDA0F03DE790264B401A /* UMengShareFactory.h */ = {isa = PBXFileReference; includeInIndex = 1; lastKnownFileType = sourcecode.c.h; name = UMengShareFactory.h; path = XCShareManager/Classes/UMengShare/UMengShareFactory.h; sourceTree = "<group>"; };
		FB8B3F0A4E89E5711030F4CD00371F0F /* XCShareUI.h */ = {isa = PBXFileReference; includeInIndex = 1; lastKnownFileType = sourcecode.c.h; path = XCShareUI.h; sourceTree = "<group>"; };
		FF8D804461AF41B6CA4F40D9C40D711B /* UMengShare.m */ = {isa = PBXFileReference; includeInIndex = 1; lastKnownFileType = sourcecode.c.objc; name = UMengShare.m; path = XCShareManager/Classes/UMengShare/UMengShare.m; sourceTree = "<group>"; };
/* End PBXFileReference section */

/* Begin PBXFrameworksBuildPhase section */
		0A13A6E9D881445AF2FB0C222C6A1396 /* Frameworks */ = {
			isa = PBXFrameworksBuildPhase;
			buildActionMask = 2147483647;
			files = (
				4753026971059AAAA4082851C672D513 /* Foundation.framework in Frameworks */,
			);
			runOnlyForDeploymentPostprocessing = 0;
		};
		3F77F2EDB633FB161524BC5DB97A2A5C /* Frameworks */ = {
			isa = PBXFrameworksBuildPhase;
			buildActionMask = 2147483647;
			files = (
			);
			runOnlyForDeploymentPostprocessing = 0;
		};
		51A844EBEEB45921A5694DF369067333 /* Frameworks */ = {
			isa = PBXFrameworksBuildPhase;
			buildActionMask = 2147483647;
			files = (
				3B02D1D9B140C6673D4E2A101AA0B11F /* Foundation.framework in Frameworks */,
			);
			runOnlyForDeploymentPostprocessing = 0;
		};
		9CBC909C353A5C1E5316A5D74192711B /* Frameworks */ = {
			isa = PBXFrameworksBuildPhase;
			buildActionMask = 2147483647;
			files = (
				D0C9C02E10B71BA24B945AE3B28D28A6 /* Foundation.framework in Frameworks */,
			);
			runOnlyForDeploymentPostprocessing = 0;
		};
/* End PBXFrameworksBuildPhase section */

/* Begin PBXGroup section */
		0EC633100216EB2C3FE627C080924623 /* Social */ = {
			isa = PBXGroup;
			children = (
				7A1E1ED0D51F93EA0AFD59FE789E86C1 /* ReducedQQ */,
				6F0876C32FCF113788DC40DD95FD4FC3 /* ReducedSina */,
				5D451CED28D4C82F475C6A0A2710B096 /* ReducedWeChat */,
			);
			name = Social;
			sourceTree = "<group>";
		};
		1D587F8732FAEE22FF4053139D99164B /* UMengUShare */ = {
			isa = PBXGroup;
			children = (
				3F88547C1922E285E454761BD803BF1F /* Core */,
				7E59DF122A7438E26BF0220E9DD1B121 /* Network */,
				0EC633100216EB2C3FE627C080924623 /* Social */,
			);
			name = UMengUShare;
			path = UMengUShare;
			sourceTree = "<group>";
		};
		2B9CA0F3F09CC5D6FB697D994BCDE61C /* Pods-XCShareManager_Example */ = {
			isa = PBXGroup;
			children = (
				7A90ED6AA115AA9EA0755DBEB948B8A2 /* Pods-XCShareManager_Example-acknowledgements.markdown */,
				2086C48C98FDEEEB0187ACD7D7628E01 /* Pods-XCShareManager_Example-acknowledgements.plist */,
				3F8EA557895DE5602F15F365E4BEEED7 /* Pods-XCShareManager_Example-dummy.m */,
				982D9BA1231465781949D8C1D2833340 /* Pods-XCShareManager_Example-frameworks.sh */,
				3B6922316F0E48A6194C96DB3DBDCFC2 /* Pods-XCShareManager_Example-resources.sh */,
				6D3393D15F2A5C19FA7BEE5B485BA8B2 /* Pods-XCShareManager_Example.debug.xcconfig */,
				0F81CEC3CA5AD639B3E974BA17E6EBB1 /* Pods-XCShareManager_Example.release.xcconfig */,
			);
			name = "Pods-XCShareManager_Example";
			path = "Target Support Files/Pods-XCShareManager_Example";
			sourceTree = "<group>";
		};
		3DD69FB70B6EFB65162D37D94424A1B5 /* Frameworks */ = {
			isa = PBXGroup;
			children = (
				B3394E348B2E91DCD7024A1132F0D529 /* libSocialWeChat.a */,
			);
			name = Frameworks;
			sourceTree = "<group>";
		};
		3F88547C1922E285E454761BD803BF1F /* Core */ = {
			isa = PBXGroup;
			children = (
				D946544AB81AAE85CF4BC19FC2CAD17A /* Frameworks */,
				5AB5C8C20117572FEEDA3CC8480DEC4F /* Resources */,
			);
			name = Core;
			sourceTree = "<group>";
		};
		42014E5037ED117BDA5F8C3E37CA793B /* XCShareManager */ = {
			isa = PBXGroup;
			children = (
				168320E5DA59E32E0485C72401559F20 /* XCShareFactoryProtocol.h */,
				1F4E2316662B8CD6CA4229A0D5F4255B /* XCShareManager.h */,
				9341A3E0DD84FB2D1B81DCBB53B99FEA /* XCShareManager.m */,
				6A9F018153381126607D46A2FCCCA7C6 /* XCSharePlatformConfigure.h */,
				8E9EC273F5DD314F04AAEC293F0CCEF6 /* XCSharePlatformConfigure.m */,
				A7B9D420E60A1CE2558200CE24C4A9B8 /* XCShareProtocol.h */,
				7B37BCAC51844918485358E90343D0E8 /* Resources */,
				803D75E137DB2B06FC8BC752F501B4C2 /* ShareUI */,
				FABE0EE57299D8EDA1F3FBF354AE8019 /* Support Files */,
				535D13EF5D3F4C5BD95339AC2A795916 /* UMengShare */,
			);
			name = XCShareManager;
			path = ../..;
			sourceTree = "<group>";
		};
		535D13EF5D3F4C5BD95339AC2A795916 /* UMengShare */ = {
			isa = PBXGroup;
			children = (
				6EC889C198EF3A9671A2266C47267B0F /* UMengShare.h */,
				FF8D804461AF41B6CA4F40D9C40D711B /* UMengShare.m */,
				F7BEC729F3B2BDA0F03DE790264B401A /* UMengShareFactory.h */,
				5CAC0FF44DE20379D3CDEF49482BA742 /* UMengShareFactory.m */,
			);
			name = UMengShare;
			sourceTree = "<group>";
		};
		5AB5C8C20117572FEEDA3CC8480DEC4F /* Resources */ = {
			isa = PBXGroup;
			children = (
				F70AA45F3C79DA2037E2922324706034 /* UMSocialSDKPromptResources.bundle */,
			);
			name = Resources;
			sourceTree = "<group>";
		};
		5D451CED28D4C82F475C6A0A2710B096 /* ReducedWeChat */ = {
			isa = PBXGroup;
			children = (
				875FC2614529A72CAF08BB0A432D3442 /* UMSocialWechatHandler.h */,
				3DD69FB70B6EFB65162D37D94424A1B5 /* Frameworks */,
			);
			name = ReducedWeChat;
			sourceTree = "<group>";
		};
		6F0876C32FCF113788DC40DD95FD4FC3 /* ReducedSina */ = {
			isa = PBXGroup;
			children = (
				D1D203CCDF0084C394FD9F6908F61AD4 /* UMSocialSinaHandler.h */,
				995B85EE4AB4C7B4827687E0E67BEB21 /* Frameworks */,
			);
			name = ReducedSina;
			sourceTree = "<group>";
		};
		7A1E1ED0D51F93EA0AFD59FE789E86C1 /* ReducedQQ */ = {
			isa = PBXGroup;
			children = (
				D6BDECCE9AADB5BEF32EE429215704EA /* UMSocialQQHandler.h */,
				E3EAC1A920330692B27CE35956BAA47E /* Frameworks */,
			);
			name = ReducedQQ;
			sourceTree = "<group>";
		};
		7B37BCAC51844918485358E90343D0E8 /* Resources */ = {
			isa = PBXGroup;
			children = (
				7F03842B39FE85A76D183C9CBB40F3AC /* icon_share_qq@2x.png */,
				1AFCCBEDD734A8A82DD30A742B023411 /* icon_share_qq@3x.png */,
				569F904CEDDC279923E1770C34937CF4 /* icon_share_qq_zone@2x.png */,
				611B2BD49639A5DB3B37E686C8A44AD7 /* icon_share_qq_zone@3x.png */,
				F05C58F867B4C0172F47D34B5C208D51 /* icon_share_weibo@2x.png */,
				66955D2950CB6974FDFF3A6CAFD6FC64 /* icon_share_weibo@3x.png */,
				13727C4A765E7838384B2895B0BC2D64 /* icon_share_weixin@2x.png */,
				39B1996732ABB5031D8B55F0D7E15C5B /* icon_share_weixin@3x.png */,
				F7361BD87D04D107456FED77C28BA1A5 /* icon_share_weixin_zone@2x.png */,
				1353B323D1200551FDDB39A6AAE3A090 /* icon_share_weixin_zone@3x.png */,
			);
			name = Resources;
			sourceTree = "<group>";
		};
		7DB346D0F39D3F0E887471402A8071AB = {
			isa = PBXGroup;
			children = (
				93A4A3777CF96A4AAC1D13BA6DCCEA73 /* Podfile */,
				8564A85466C462290925ACB8070EB63A /* Development Pods */,
				BC3CA7F9E30CC8F7E2DD044DD34432FC /* Frameworks */,
				CAE7E5365298CA79852A23AED68BDD70 /* Pods */,
				914C3814F6A12DC6804F5F4ED13ECBE3 /* Products */,
				BEB3AD46C5C2946680691D603354EFA5 /* Targets Support Files */,
			);
			sourceTree = "<group>";
		};
		7E59DF122A7438E26BF0220E9DD1B121 /* Network */ = {
			isa = PBXGroup;
			children = (
				7F983E048F93DBD24804D37EE5977DBE /* Frameworks */,
			);
			name = Network;
			sourceTree = "<group>";
		};
		7F983E048F93DBD24804D37EE5977DBE /* Frameworks */ = {
			isa = PBXGroup;
			children = (
				8BC563799C5A9CEE3D54B70D180A96ED /* UMSocialNetwork.framework */,
			);
			name = Frameworks;
			sourceTree = "<group>";
		};
		803D75E137DB2B06FC8BC752F501B4C2 /* ShareUI */ = {
			isa = PBXGroup;
			children = (
				365D348F38AC3229BD8248921BE1C469 /* XCShareItem.h */,
				B10AB3FD2ACC86D2AD0049A6E76C0354 /* XCShareItem.m */,
				AB6FCB532F36C8390C4569F302601C3C /* XCShareItemModel.h */,
				2D6655303377348A62D70469BF0143CA /* XCShareItemModel.m */,
				FB8B3F0A4E89E5711030F4CD00371F0F /* XCShareUI.h */,
				E8C35B52197234C66CDF18229DCA803B /* XCShareUI.m */,
				B01AA0D360B4B14194A25ECE6E3D9451 /* XCShareUtil.h */,
				82D9DE69BCEAA25E1B1243158B0F5F17 /* XCShareView.h */,
				4FCF5885BA8A9980471650DC43023E97 /* XCShareView.m */,
			);
			name = ShareUI;
			path = XCShareManager/Classes/ShareUI;
			sourceTree = "<group>";
		};
		81D1020892E077D2D221CDABB5DFE2DE /* Pods-XCShareManager_Tests */ = {
			isa = PBXGroup;
			children = (
				83F18A45B41AC15B9694843F5C31628E /* Pods-XCShareManager_Tests-acknowledgements.markdown */,
				2D222D1C3D7A1CD8A70D3096590E3F31 /* Pods-XCShareManager_Tests-acknowledgements.plist */,
				859A7DB692B5BE8137999F37EB708CDC /* Pods-XCShareManager_Tests-dummy.m */,
				EA91D3AB60DA8D18176EDC405704043A /* Pods-XCShareManager_Tests-frameworks.sh */,
				01395E4172263170AE3422ECEE3CECB5 /* Pods-XCShareManager_Tests-resources.sh */,
				7D1AF9E90876624BF18AE0E679CCB9C1 /* Pods-XCShareManager_Tests.debug.xcconfig */,
				C60D6EA6BBDD7B89E813883F54E799F2 /* Pods-XCShareManager_Tests.release.xcconfig */,
			);
			name = "Pods-XCShareManager_Tests";
			path = "Target Support Files/Pods-XCShareManager_Tests";
			sourceTree = "<group>";
		};
		8564A85466C462290925ACB8070EB63A /* Development Pods */ = {
			isa = PBXGroup;
			children = (
				42014E5037ED117BDA5F8C3E37CA793B /* XCShareManager */,
			);
			name = "Development Pods";
			sourceTree = "<group>";
		};
		914C3814F6A12DC6804F5F4ED13ECBE3 /* Products */ = {
			isa = PBXGroup;
			children = (
				C857820C862C44D27B046EFC902B30A2 /* libPods-XCShareManager_Example.a */,
				4757BCB1336009919D8A071B25886D25 /* libPods-XCShareManager_Tests.a */,
				8180B755BDBB111C6EC68D7AB5CEA26B /* libXCShareManager.a */,
				9ED9ED1112586BE2B783CED49C3DA16E /* XCShareManager.bundle */,
			);
			name = Products;
			sourceTree = "<group>";
		};
		995B85EE4AB4C7B4827687E0E67BEB21 /* Frameworks */ = {
			isa = PBXGroup;
			children = (
				7F7E5E594C1F6E122EC6322D88674B51 /* libSocialSina.a */,
			);
			name = Frameworks;
			sourceTree = "<group>";
		};
		BC3CA7F9E30CC8F7E2DD044DD34432FC /* Frameworks */ = {
			isa = PBXGroup;
			children = (
				D35AF013A5F0BAD4F32504907A52519E /* iOS */,
			);
			name = Frameworks;
			sourceTree = "<group>";
		};
		BEB3AD46C5C2946680691D603354EFA5 /* Targets Support Files */ = {
			isa = PBXGroup;
			children = (
				2B9CA0F3F09CC5D6FB697D994BCDE61C /* Pods-XCShareManager_Example */,
				81D1020892E077D2D221CDABB5DFE2DE /* Pods-XCShareManager_Tests */,
			);
			name = "Targets Support Files";
			sourceTree = "<group>";
		};
		CAE7E5365298CA79852A23AED68BDD70 /* Pods */ = {
			isa = PBXGroup;
			children = (
				1D587F8732FAEE22FF4053139D99164B /* UMengUShare */,
			);
			name = Pods;
			sourceTree = "<group>";
		};
		D35AF013A5F0BAD4F32504907A52519E /* iOS */ = {
			isa = PBXGroup;
			children = (
				6604A7D69453B4569E4E4827FB9155A9 /* Foundation.framework */,
			);
			name = iOS;
			sourceTree = "<group>";
		};
		D946544AB81AAE85CF4BC19FC2CAD17A /* Frameworks */ = {
			isa = PBXGroup;
			children = (
				022CE97F720ACE2FD94C4B4FEAF6BB43 /* libUMSocialLog.a */,
				D4C4B70060EEBF3C5A043BF8D03BFCF7 /* UMSocialCore.framework */,
			);
			name = Frameworks;
			sourceTree = "<group>";
		};
		E3EAC1A920330692B27CE35956BAA47E /* Frameworks */ = {
			isa = PBXGroup;
			children = (
				419B29418F102C9CC17C235125F4F359 /* libSocialQQ.a */,
			);
			name = Frameworks;
			sourceTree = "<group>";
		};
		FABE0EE57299D8EDA1F3FBF354AE8019 /* Support Files */ = {
			isa = PBXGroup;
			children = (
				CE630817E9DAAEF18E36EC94DCA2386E /* ResourceBundle-XCShareManager-Info.plist */,
				7EEC527B6E2DA752F024588F5BBC1AA2 /* XCShareManager.xcconfig */,
				E6A0377C3EA6124B7231E8B82E82CB8E /* XCShareManager-dummy.m */,
				DFCF749025D594D6C43879A617EE1E68 /* XCShareManager-prefix.pch */,
			);
			name = "Support Files";
			path = "Example/Pods/Target Support Files/XCShareManager";
			sourceTree = "<group>";
		};
/* End PBXGroup section */

/* Begin PBXHeadersBuildPhase section */
		1F4FE21E97410CFC207E006B7CED81A5 /* Headers */ = {
			isa = PBXHeadersBuildPhase;
			buildActionMask = 2147483647;
			files = (
				DBE68A8B07B9A4DA2670D9EE0078D7B5 /* UMengShare.h in Headers */,
				E484AFA44B1D5BC6FA6C09134C613D89 /* UMengShareFactory.h in Headers */,
				9CEB78B5E4E9E34EE25B6A522E40C257 /* XCShareFactoryProtocol.h in Headers */,
				9F575C7EECA45BB6E813F54BDE411B19 /* XCShareItem.h in Headers */,
				A7E4694EDA69F2E45B2282FC7D05FC3C /* XCShareItemModel.h in Headers */,
				152B258C0E11710E20D07D0C4C6B3D1E /* XCShareManager.h in Headers */,
				C8BC05FE12E4A4BBD9B3B01C6C4932F7 /* XCSharePlatformConfigure.h in Headers */,
				032146A42C3A08D05171DD317F425C08 /* XCShareProtocol.h in Headers */,
				B2ED4906A8A9679D62AFACAFE2D4CA22 /* XCShareUI.h in Headers */,
				F5462E380F8C7CB72A16D8C5BD53BACA /* XCShareUtil.h in Headers */,
				C9F172CAF1E4D13FB68F79ED8BC1FED8 /* XCShareView.h in Headers */,
			);
			runOnlyForDeploymentPostprocessing = 0;
		};
/* End PBXHeadersBuildPhase section */

/* Begin PBXNativeTarget section */
		129E71AB3FF88E8A01A9192C9EE5133F /* XCShareManager */ = {
			isa = PBXNativeTarget;
			buildConfigurationList = EEF0E9E2719DD7AF198544254622AAB2 /* Build configuration list for PBXNativeTarget "XCShareManager" */;
			buildPhases = (
				CC114867DD00A3FA50DE12419B0FB5D6 /* Sources */,
				0A13A6E9D881445AF2FB0C222C6A1396 /* Frameworks */,
				1F4FE21E97410CFC207E006B7CED81A5 /* Headers */,
			);
			buildRules = (
			);
			dependencies = (
				AAD8A7E4B2E749BF082ED937E197BAFA /* PBXTargetDependency */,
			);
			name = XCShareManager;
			productName = XCShareManager;
			productReference = 8180B755BDBB111C6EC68D7AB5CEA26B /* libXCShareManager.a */;
			productType = "com.apple.product-type.library.static";
		};
		60BEDAABDECFF731423E0844BE43C78A /* XCShareManager-XCShareManager */ = {
			isa = PBXNativeTarget;
			buildConfigurationList = 4DDE5E8DA3B64A11FCACA0937D60453F /* Build configuration list for PBXNativeTarget "XCShareManager-XCShareManager" */;
			buildPhases = (
				A8436A7E85CC3661D6FAEB935CFBDB3A /* Sources */,
				3F77F2EDB633FB161524BC5DB97A2A5C /* Frameworks */,
				0C59595E1BB522C081D71765D0656749 /* Resources */,
			);
			buildRules = (
			);
			dependencies = (
			);
			name = "XCShareManager-XCShareManager";
			productName = "XCShareManager-XCShareManager";
			productReference = 9ED9ED1112586BE2B783CED49C3DA16E /* XCShareManager.bundle */;
			productType = "com.apple.product-type.bundle";
		};
		65673B5E63D0BB1F3B39BF46EBB22F24 /* Pods-XCShareManager_Example */ = {
			isa = PBXNativeTarget;
			buildConfigurationList = 6CB4C4ED7D688F3DA201AD75518AFB11 /* Build configuration list for PBXNativeTarget "Pods-XCShareManager_Example" */;
			buildPhases = (
				3FA91285D268116E6509C44E74C1D1D8 /* Sources */,
				9CBC909C353A5C1E5316A5D74192711B /* Frameworks */,
			);
			buildRules = (
			);
			dependencies = (
				5B0D0230BB5CA83914634034F9D0C335 /* PBXTargetDependency */,
			);
			name = "Pods-XCShareManager_Example";
			productName = "Pods-XCShareManager_Example";
			productReference = C857820C862C44D27B046EFC902B30A2 /* libPods-XCShareManager_Example.a */;
			productType = "com.apple.product-type.library.static";
		};
		F8F7A6F36AFCC13BCA37AF1B525A138E /* Pods-XCShareManager_Tests */ = {
			isa = PBXNativeTarget;
			buildConfigurationList = 3A5492DDC0E2BC44FD2446CB187AE7F6 /* Build configuration list for PBXNativeTarget "Pods-XCShareManager_Tests" */;
			buildPhases = (
				EE121E8DE4D98632257B09E72FBCF6BE /* Sources */,
				51A844EBEEB45921A5694DF369067333 /* Frameworks */,
			);
			buildRules = (
			);
			dependencies = (
			);
			name = "Pods-XCShareManager_Tests";
			productName = "Pods-XCShareManager_Tests";
			productReference = 4757BCB1336009919D8A071B25886D25 /* libPods-XCShareManager_Tests.a */;
			productType = "com.apple.product-type.library.static";
		};
/* End PBXNativeTarget section */

/* Begin PBXProject section */
		D41D8CD98F00B204E9800998ECF8427E /* Project object */ = {
			isa = PBXProject;
			attributes = {
				LastSwiftUpdateCheck = 0830;
				LastUpgradeCheck = 0700;
			};
			buildConfigurationList = 2D8E8EC45A3A1A1D94AE762CB5028504 /* Build configuration list for PBXProject "Pods" */;
			compatibilityVersion = "Xcode 3.2";
			developmentRegion = English;
			hasScannedForEncodings = 0;
			knownRegions = (
				en,
			);
			mainGroup = 7DB346D0F39D3F0E887471402A8071AB;
			productRefGroup = 914C3814F6A12DC6804F5F4ED13ECBE3 /* Products */;
			projectDirPath = "";
			projectRoot = "";
			targets = (
				65673B5E63D0BB1F3B39BF46EBB22F24 /* Pods-XCShareManager_Example */,
				F8F7A6F36AFCC13BCA37AF1B525A138E /* Pods-XCShareManager_Tests */,
				129E71AB3FF88E8A01A9192C9EE5133F /* XCShareManager */,
				60BEDAABDECFF731423E0844BE43C78A /* XCShareManager-XCShareManager */,
			);
		};
/* End PBXProject section */

/* Begin PBXResourcesBuildPhase section */
		0C59595E1BB522C081D71765D0656749 /* Resources */ = {
			isa = PBXResourcesBuildPhase;
			buildActionMask = 2147483647;
			files = (
				559E795089A7953A06CEE109C31AD320 /* icon_share_qq@2x.png in Resources */,
				B6811C97EA515CA379F6F20715044E54 /* icon_share_qq@3x.png in Resources */,
				0CE25038E604CDD301D80AC5274EFAAE /* icon_share_qq_zone@2x.png in Resources */,
				A8985985BEDAE450C1816E66B066EDE5 /* icon_share_qq_zone@3x.png in Resources */,
				454212E9C71753C84AA64DD5EAC39C19 /* icon_share_weibo@2x.png in Resources */,
				1A5B9CCEA7C19588EA5707CF01D3F9F5 /* icon_share_weibo@3x.png in Resources */,
				7F763C2AEFDBE2A182A9E6F5079167FA /* icon_share_weixin@2x.png in Resources */,
				CFB6F667EA64E4894E2ABA5B03353B89 /* icon_share_weixin@3x.png in Resources */,
				A60F0B548CF05AEA2BD69E02C915268C /* icon_share_weixin_zone@2x.png in Resources */,
				9120CD9FB2E630F8C6072893A4FD2855 /* icon_share_weixin_zone@3x.png in Resources */,
			);
			runOnlyForDeploymentPostprocessing = 0;
		};
/* End PBXResourcesBuildPhase section */

/* Begin PBXSourcesBuildPhase section */
		3FA91285D268116E6509C44E74C1D1D8 /* Sources */ = {
			isa = PBXSourcesBuildPhase;
			buildActionMask = 2147483647;
			files = (
				EFB7004A085E0C9119C6739D111081C4 /* Pods-XCShareManager_Example-dummy.m in Sources */,
			);
			runOnlyForDeploymentPostprocessing = 0;
		};
		A8436A7E85CC3661D6FAEB935CFBDB3A /* Sources */ = {
			isa = PBXSourcesBuildPhase;
			buildActionMask = 2147483647;
			files = (
			);
			runOnlyForDeploymentPostprocessing = 0;
		};
		CC114867DD00A3FA50DE12419B0FB5D6 /* Sources */ = {
			isa = PBXSourcesBuildPhase;
			buildActionMask = 2147483647;
			files = (
				32BCE5091B496629D33F570E7084A73B /* UMengShare.m in Sources */,
				19E0502BBB2C3999499CC06EAF643BE4 /* UMengShareFactory.m in Sources */,
				7815E42C5AD7055A32DBEC3C0C38BB99 /* XCShareItem.m in Sources */,
				2B675CCA3BDB70105FDCBC2A6D14FAC7 /* XCShareItemModel.m in Sources */,
				66DF515BAFF4D04819C80D7C7ED17F35 /* XCShareManager-dummy.m in Sources */,
				D27D9BE2C2BDF1EB16310C6AFB9B846D /* XCShareManager.m in Sources */,
				05501242D56ADC6A393EB4B48B3DA1B2 /* XCSharePlatformConfigure.m in Sources */,
				111B507C3EEA61E5702111A9780EF64B /* XCShareUI.m in Sources */,
				7AC680D2D39A3D3D5A4E31616F3AF65F /* XCShareView.m in Sources */,
			);
			runOnlyForDeploymentPostprocessing = 0;
		};
		EE121E8DE4D98632257B09E72FBCF6BE /* Sources */ = {
			isa = PBXSourcesBuildPhase;
			buildActionMask = 2147483647;
			files = (
				7233934C0FCD602FF439676A5B1E20F2 /* Pods-XCShareManager_Tests-dummy.m in Sources */,
			);
			runOnlyForDeploymentPostprocessing = 0;
		};
/* End PBXSourcesBuildPhase section */

/* Begin PBXTargetDependency section */
		5B0D0230BB5CA83914634034F9D0C335 /* PBXTargetDependency */ = {
			isa = PBXTargetDependency;
			name = XCShareManager;
			target = 129E71AB3FF88E8A01A9192C9EE5133F /* XCShareManager */;
			targetProxy = 75C671D26976820735C4034DE4F9B843 /* PBXContainerItemProxy */;
		};
		AAD8A7E4B2E749BF082ED937E197BAFA /* PBXTargetDependency */ = {
			isa = PBXTargetDependency;
			name = "XCShareManager-XCShareManager";
			target = 60BEDAABDECFF731423E0844BE43C78A /* XCShareManager-XCShareManager */;
			targetProxy = 8DC7A95BAA2F0AE4091F2D0D86843F1B /* PBXContainerItemProxy */;
		};
/* End PBXTargetDependency section */

/* Begin XCBuildConfiguration section */
		157AF0CD5E5AB2A2E74D3B8ECD865185 /* Release */ = {
			isa = XCBuildConfiguration;
			buildSettings = {
				ALWAYS_SEARCH_USER_PATHS = NO;
				CLANG_ANALYZER_NONNULL = YES;
				CLANG_ANALYZER_NUMBER_OBJECT_CONVERSION = YES;
				CLANG_CXX_LANGUAGE_STANDARD = "gnu++0x";
				CLANG_CXX_LIBRARY = "libc++";
				CLANG_ENABLE_MODULES = YES;
				CLANG_ENABLE_OBJC_ARC = YES;
				CLANG_WARN_BOOL_CONVERSION = YES;
				CLANG_WARN_CONSTANT_CONVERSION = YES;
				CLANG_WARN_DIRECT_OBJC_ISA_USAGE = YES;
				CLANG_WARN_DOCUMENTATION_COMMENTS = YES;
				CLANG_WARN_EMPTY_BODY = YES;
				CLANG_WARN_ENUM_CONVERSION = YES;
				CLANG_WARN_INFINITE_RECURSION = YES;
				CLANG_WARN_INT_CONVERSION = YES;
				CLANG_WARN_OBJC_ROOT_CLASS = YES;
				CLANG_WARN_SUSPICIOUS_MOVE = YES;
				CLANG_WARN_UNREACHABLE_CODE = YES;
				CLANG_WARN__DUPLICATE_METHOD_MATCH = YES;
				CODE_SIGNING_REQUIRED = NO;
				COPY_PHASE_STRIP = YES;
				ENABLE_NS_ASSERTIONS = NO;
				GCC_C_LANGUAGE_STANDARD = gnu99;
				GCC_PREPROCESSOR_DEFINITIONS = (
					"POD_CONFIGURATION_RELEASE=1",
					"$(inherited)",
				);
				GCC_WARN_64_TO_32_BIT_CONVERSION = YES;
				GCC_WARN_ABOUT_RETURN_TYPE = YES;
				GCC_WARN_UNDECLARED_SELECTOR = YES;
				GCC_WARN_UNINITIALIZED_AUTOS = YES;
				GCC_WARN_UNUSED_FUNCTION = YES;
				GCC_WARN_UNUSED_VARIABLE = YES;
				IPHONEOS_DEPLOYMENT_TARGET = 9.3;
				PROVISIONING_PROFILE_SPECIFIER = NO_SIGNING/;
				STRIP_INSTALLED_PRODUCT = NO;
				SYMROOT = "${SRCROOT}/../build";
				VALIDATE_PRODUCT = YES;
			};
			name = Release;
		};
		627CF4AD784ADCF03079405AC53730E8 /* Release */ = {
			isa = XCBuildConfiguration;
			baseConfigurationReference = 7EEC527B6E2DA752F024588F5BBC1AA2 /* XCShareManager.xcconfig */;
			buildSettings = {
				"CODE_SIGN_IDENTITY[sdk=appletvos*]" = "";
				"CODE_SIGN_IDENTITY[sdk=iphoneos*]" = "";
				"CODE_SIGN_IDENTITY[sdk=watchos*]" = "";
				DEBUG_INFORMATION_FORMAT = "dwarf-with-dsym";
				ENABLE_STRICT_OBJC_MSGSEND = YES;
				GCC_NO_COMMON_BLOCKS = YES;
				GCC_PREFIX_HEADER = "Target Support Files/XCShareManager/XCShareManager-prefix.pch";
				IPHONEOS_DEPLOYMENT_TARGET = 8.3;
				MTL_ENABLE_DEBUG_INFO = NO;
				OTHER_LDFLAGS = "";
				OTHER_LIBTOOLFLAGS = "";
				PRIVATE_HEADERS_FOLDER_PATH = "";
				PRODUCT_NAME = "$(TARGET_NAME)";
				PUBLIC_HEADERS_FOLDER_PATH = "";
				SDKROOT = iphoneos;
				SKIP_INSTALL = YES;
				SWIFT_ACTIVE_COMPILATION_CONDITIONS = "$(inherited) ";
			};
			name = Release;
		};
		7E93A5DFAE0AEA6349B75E060E31AD39 /* Debug */ = {
			isa = XCBuildConfiguration;
			baseConfigurationReference = 7EEC527B6E2DA752F024588F5BBC1AA2 /* XCShareManager.xcconfig */;
			buildSettings = {
				"CODE_SIGN_IDENTITY[sdk=appletvos*]" = "";
				"CODE_SIGN_IDENTITY[sdk=iphoneos*]" = "";
				"CODE_SIGN_IDENTITY[sdk=watchos*]" = "";
				DEBUG_INFORMATION_FORMAT = dwarf;
				ENABLE_STRICT_OBJC_MSGSEND = YES;
				GCC_NO_COMMON_BLOCKS = YES;
				GCC_PREFIX_HEADER = "Target Support Files/XCShareManager/XCShareManager-prefix.pch";
				IPHONEOS_DEPLOYMENT_TARGET = 8.3;
				MTL_ENABLE_DEBUG_INFO = YES;
				OTHER_LDFLAGS = "";
				OTHER_LIBTOOLFLAGS = "";
				PRIVATE_HEADERS_FOLDER_PATH = "";
				PRODUCT_NAME = "$(TARGET_NAME)";
				PUBLIC_HEADERS_FOLDER_PATH = "";
				SDKROOT = iphoneos;
				SKIP_INSTALL = YES;
				SWIFT_ACTIVE_COMPILATION_CONDITIONS = "$(inherited) ";
			};
			name = Debug;
		};
		84A637D823AB2DDE9D117762DD1A1239 /* Release */ = {
			isa = XCBuildConfiguration;
			baseConfigurationReference = C60D6EA6BBDD7B89E813883F54E799F2 /* Pods-XCShareManager_Tests.release.xcconfig */;
			buildSettings = {
				"CODE_SIGN_IDENTITY[sdk=appletvos*]" = "";
				"CODE_SIGN_IDENTITY[sdk=iphoneos*]" = "";
				"CODE_SIGN_IDENTITY[sdk=watchos*]" = "";
				DEBUG_INFORMATION_FORMAT = "dwarf-with-dsym";
				ENABLE_STRICT_OBJC_MSGSEND = YES;
				GCC_NO_COMMON_BLOCKS = YES;
				IPHONEOS_DEPLOYMENT_TARGET = 9.3;
				MACH_O_TYPE = staticlib;
				MTL_ENABLE_DEBUG_INFO = NO;
				OTHER_LDFLAGS = "";
				OTHER_LIBTOOLFLAGS = "";
				PODS_ROOT = "$(SRCROOT)";
				PRODUCT_BUNDLE_IDENTIFIER = "org.cocoapods.${PRODUCT_NAME:rfc1034identifier}";
				PRODUCT_NAME = "$(TARGET_NAME)";
				SDKROOT = iphoneos;
				SKIP_INSTALL = YES;
			};
			name = Release;
		};
		881FB39DA2FA5B70C03E9EE402C82902 /* Debug */ = {
			isa = XCBuildConfiguration;
			baseConfigurationReference = 7EEC527B6E2DA752F024588F5BBC1AA2 /* XCShareManager.xcconfig */;
			buildSettings = {
				CONFIGURATION_BUILD_DIR = "$(BUILD_DIR)/$(CONFIGURATION)$(EFFECTIVE_PLATFORM_NAME)/XCShareManager";
				ENABLE_STRICT_OBJC_MSGSEND = YES;
				GCC_NO_COMMON_BLOCKS = YES;
				INFOPLIST_FILE = "Target Support Files/XCShareManager/ResourceBundle-XCShareManager-Info.plist";
				IPHONEOS_DEPLOYMENT_TARGET = 8.3;
				PRODUCT_NAME = XCShareManager;
				SDKROOT = iphoneos;
				SKIP_INSTALL = YES;
				TARGETED_DEVICE_FAMILY = "1,2";
				WRAPPER_EXTENSION = bundle;
			};
			name = Debug;
		};
		8B6F13E37C9B5E6B2FBB169BC5E30102 /* Release */ = {
			isa = XCBuildConfiguration;
			baseConfigurationReference = 7EEC527B6E2DA752F024588F5BBC1AA2 /* XCShareManager.xcconfig */;
			buildSettings = {
				CONFIGURATION_BUILD_DIR = "$(BUILD_DIR)/$(CONFIGURATION)$(EFFECTIVE_PLATFORM_NAME)/XCShareManager";
				ENABLE_STRICT_OBJC_MSGSEND = YES;
				GCC_NO_COMMON_BLOCKS = YES;
				INFOPLIST_FILE = "Target Support Files/XCShareManager/ResourceBundle-XCShareManager-Info.plist";
				IPHONEOS_DEPLOYMENT_TARGET = 8.3;
				PRODUCT_NAME = XCShareManager;
				SDKROOT = iphoneos;
				SKIP_INSTALL = YES;
				TARGETED_DEVICE_FAMILY = "1,2";
				WRAPPER_EXTENSION = bundle;
			};
			name = Release;
		};
		D0011CCFC32246A3D16ABBAEAC7A0B82 /* Release */ = {
			isa = XCBuildConfiguration;
			baseConfigurationReference = 0F81CEC3CA5AD639B3E974BA17E6EBB1 /* Pods-XCShareManager_Example.release.xcconfig */;
			buildSettings = {
				"CODE_SIGN_IDENTITY[sdk=appletvos*]" = "";
				"CODE_SIGN_IDENTITY[sdk=iphoneos*]" = "";
				"CODE_SIGN_IDENTITY[sdk=watchos*]" = "";
				DEBUG_INFORMATION_FORMAT = "dwarf-with-dsym";
				ENABLE_STRICT_OBJC_MSGSEND = YES;
				GCC_NO_COMMON_BLOCKS = YES;
				IPHONEOS_DEPLOYMENT_TARGET = 9.3;
				MACH_O_TYPE = staticlib;
				MTL_ENABLE_DEBUG_INFO = NO;
				OTHER_LDFLAGS = "";
				OTHER_LIBTOOLFLAGS = "";
				PODS_ROOT = "$(SRCROOT)";
				PRODUCT_BUNDLE_IDENTIFIER = "org.cocoapods.${PRODUCT_NAME:rfc1034identifier}";
				PRODUCT_NAME = "$(TARGET_NAME)";
				SDKROOT = iphoneos;
				SKIP_INSTALL = YES;
			};
			name = Release;
		};
		E6559CD2A52058CD5FEF8B38642141A5 /* Debug */ = {
			isa = XCBuildConfiguration;
			baseConfigurationReference = 6D3393D15F2A5C19FA7BEE5B485BA8B2 /* Pods-XCShareManager_Example.debug.xcconfig */;
			buildSettings = {
				"CODE_SIGN_IDENTITY[sdk=appletvos*]" = "";
				"CODE_SIGN_IDENTITY[sdk=iphoneos*]" = "";
				"CODE_SIGN_IDENTITY[sdk=watchos*]" = "";
				DEBUG_INFORMATION_FORMAT = dwarf;
				ENABLE_STRICT_OBJC_MSGSEND = YES;
				GCC_NO_COMMON_BLOCKS = YES;
				IPHONEOS_DEPLOYMENT_TARGET = 9.3;
				MACH_O_TYPE = staticlib;
				MTL_ENABLE_DEBUG_INFO = YES;
				OTHER_LDFLAGS = "";
				OTHER_LIBTOOLFLAGS = "";
				PODS_ROOT = "$(SRCROOT)";
				PRODUCT_BUNDLE_IDENTIFIER = "org.cocoapods.${PRODUCT_NAME:rfc1034identifier}";
				PRODUCT_NAME = "$(TARGET_NAME)";
				SDKROOT = iphoneos;
				SKIP_INSTALL = YES;
			};
			name = Debug;
		};
		E671DE09CAF96D0938E80C7EE55EF87F /* Debug */ = {
			isa = XCBuildConfiguration;
			baseConfigurationReference = 7D1AF9E90876624BF18AE0E679CCB9C1 /* Pods-XCShareManager_Tests.debug.xcconfig */;
			buildSettings = {
				"CODE_SIGN_IDENTITY[sdk=appletvos*]" = "";
				"CODE_SIGN_IDENTITY[sdk=iphoneos*]" = "";
				"CODE_SIGN_IDENTITY[sdk=watchos*]" = "";
				DEBUG_INFORMATION_FORMAT = dwarf;
				ENABLE_STRICT_OBJC_MSGSEND = YES;
				GCC_NO_COMMON_BLOCKS = YES;
				IPHONEOS_DEPLOYMENT_TARGET = 9.3;
				MACH_O_TYPE = staticlib;
				MTL_ENABLE_DEBUG_INFO = YES;
				OTHER_LDFLAGS = "";
				OTHER_LIBTOOLFLAGS = "";
				PODS_ROOT = "$(SRCROOT)";
				PRODUCT_BUNDLE_IDENTIFIER = "org.cocoapods.${PRODUCT_NAME:rfc1034identifier}";
				PRODUCT_NAME = "$(TARGET_NAME)";
				SDKROOT = iphoneos;
				SKIP_INSTALL = YES;
			};
			name = Debug;
		};
		EED546DBB23FC32035C9BDC4E22B30BD /* Debug */ = {
			isa = XCBuildConfiguration;
			buildSettings = {
				ALWAYS_SEARCH_USER_PATHS = NO;
				CLANG_ANALYZER_NONNULL = YES;
				CLANG_ANALYZER_NUMBER_OBJECT_CONVERSION = YES;
				CLANG_CXX_LANGUAGE_STANDARD = "gnu++0x";
				CLANG_CXX_LIBRARY = "libc++";
				CLANG_ENABLE_MODULES = YES;
				CLANG_ENABLE_OBJC_ARC = YES;
				CLANG_WARN_BOOL_CONVERSION = YES;
				CLANG_WARN_CONSTANT_CONVERSION = YES;
				CLANG_WARN_DIRECT_OBJC_ISA_USAGE = YES;
				CLANG_WARN_DOCUMENTATION_COMMENTS = YES;
				CLANG_WARN_EMPTY_BODY = YES;
				CLANG_WARN_ENUM_CONVERSION = YES;
				CLANG_WARN_INFINITE_RECURSION = YES;
				CLANG_WARN_INT_CONVERSION = YES;
				CLANG_WARN_OBJC_ROOT_CLASS = YES;
				CLANG_WARN_SUSPICIOUS_MOVE = YES;
				CLANG_WARN_UNREACHABLE_CODE = YES;
				CLANG_WARN__DUPLICATE_METHOD_MATCH = YES;
				CODE_SIGNING_REQUIRED = NO;
				COPY_PHASE_STRIP = NO;
				ENABLE_TESTABILITY = YES;
				GCC_C_LANGUAGE_STANDARD = gnu99;
				GCC_DYNAMIC_NO_PIC = NO;
				GCC_OPTIMIZATION_LEVEL = 0;
				GCC_PREPROCESSOR_DEFINITIONS = (
					"POD_CONFIGURATION_DEBUG=1",
					"DEBUG=1",
					"$(inherited)",
				);
				GCC_SYMBOLS_PRIVATE_EXTERN = NO;
				GCC_WARN_64_TO_32_BIT_CONVERSION = YES;
				GCC_WARN_ABOUT_RETURN_TYPE = YES;
				GCC_WARN_UNDECLARED_SELECTOR = YES;
				GCC_WARN_UNINITIALIZED_AUTOS = YES;
				GCC_WARN_UNUSED_FUNCTION = YES;
				GCC_WARN_UNUSED_VARIABLE = YES;
				IPHONEOS_DEPLOYMENT_TARGET = 9.3;
				ONLY_ACTIVE_ARCH = YES;
				PROVISIONING_PROFILE_SPECIFIER = NO_SIGNING/;
				STRIP_INSTALLED_PRODUCT = NO;
				SWIFT_ACTIVE_COMPILATION_CONDITIONS = DEBUG;
				SYMROOT = "${SRCROOT}/../build";
			};
			name = Debug;
		};
/* End XCBuildConfiguration section */

/* Begin XCConfigurationList section */
		2D8E8EC45A3A1A1D94AE762CB5028504 /* Build configuration list for PBXProject "Pods" */ = {
			isa = XCConfigurationList;
			buildConfigurations = (
				EED546DBB23FC32035C9BDC4E22B30BD /* Debug */,
				157AF0CD5E5AB2A2E74D3B8ECD865185 /* Release */,
			);
			defaultConfigurationIsVisible = 0;
			defaultConfigurationName = Release;
		};
		3A5492DDC0E2BC44FD2446CB187AE7F6 /* Build configuration list for PBXNativeTarget "Pods-XCShareManager_Tests" */ = {
			isa = XCConfigurationList;
			buildConfigurations = (
				E671DE09CAF96D0938E80C7EE55EF87F /* Debug */,
				84A637D823AB2DDE9D117762DD1A1239 /* Release */,
			);
			defaultConfigurationIsVisible = 0;
			defaultConfigurationName = Release;
		};
		4DDE5E8DA3B64A11FCACA0937D60453F /* Build configuration list for PBXNativeTarget "XCShareManager-XCShareManager" */ = {
			isa = XCConfigurationList;
			buildConfigurations = (
				881FB39DA2FA5B70C03E9EE402C82902 /* Debug */,
				8B6F13E37C9B5E6B2FBB169BC5E30102 /* Release */,
			);
			defaultConfigurationIsVisible = 0;
			defaultConfigurationName = Release;
		};
		6CB4C4ED7D688F3DA201AD75518AFB11 /* Build configuration list for PBXNativeTarget "Pods-XCShareManager_Example" */ = {
			isa = XCConfigurationList;
			buildConfigurations = (
				E6559CD2A52058CD5FEF8B38642141A5 /* Debug */,
				D0011CCFC32246A3D16ABBAEAC7A0B82 /* Release */,
			);
			defaultConfigurationIsVisible = 0;
			defaultConfigurationName = Release;
		};
		EEF0E9E2719DD7AF198544254622AAB2 /* Build configuration list for PBXNativeTarget "XCShareManager" */ = {
			isa = XCConfigurationList;
			buildConfigurations = (
				7E93A5DFAE0AEA6349B75E060E31AD39 /* Debug */,
				627CF4AD784ADCF03079405AC53730E8 /* Release */,
			);
			defaultConfigurationIsVisible = 0;
			defaultConfigurationName = Release;
		};
/* End XCConfigurationList section */
	};
	rootObject = D41D8CD98F00B204E9800998ECF8427E /* Project object */;
}
